
Microsoft Visual Studio Solution File, Format Version 12.00
# Visual Studio Version 16
VisualStudioVersion = 16.0.31613.86
MinimumVisualStudioVersion = 10.0.40219.1
Project("{8BC9CEB8-8B4A-11D0-8D11-00A0C91BC942}") = "LAB5_Task2", "LAB5_Task2\LAB5_Task2.vcxproj", "{4B0DFED1-2C1D-48E4-B43B-D29034207669}"
EndProject
Global
	GlobalSection(SolutionConfigurationPlatforms) = preSolution
		Debug|x64 = Debug|x64
		Debug|x86 = Debug|x86
		Release|x64 = Release|x64
		Release|x86 = Release|x86
	EndGlobalSection
	GlobalSection(ProjectConfigurationPlatforms) = postSolution
		{4B0DFED1-2C1D-48E4-B43B-D29034207669}.Debug|x64.ActiveCfg = Debug|x64
		{4B0DFED1-2C1D-48E4-B43B-D29034207669}.Debug|x64.Build.0 = Debug|x64
		{4B0DFED1-2C1D-48E4-B43B-D29034207669}.Debug|x86.ActiveCfg = Debug|Win32
		{4B0DFED1-2C1D-48E4-B43B-D29034207669}.Debug|x86.Build.0 = Debug|Win32
		{4B0DFED1-2C1D-48E4-B43B-D29034207669}.Release|x64.ActiveCfg = Release|x64
		{4B0DFED1-2C1D-48E4-B43B-D29034207669}.Release|x64.Build.0 = Release|x64
		{4B0DFED1-2C1D-48E4-B43B-D29034207669}.Release|x86.ActiveCfg = Release|Win32
		{4B0DFED1-2C1D-48E4-B43B-D29034207669}.Release|x86.Build.0 = Release|Win32
	EndGlobalSection
	GlobalSection(SolutionProperties) = preSolution
		HideSolutionNode = FALSE
	EndGlobalSection
	GlobalSection(ExtensibilityGlobals) = postSolution
		SolutionGuid = {B208B269-8FB6-4545-9A06-443E59DABE0B}
	EndGlobalSection
EndGlobal
